
Microsoft Visual Studio Solution File, Format Version 12.00
# Visual Studio Version 17
VisualStudioVersion = 17.3.32825.248
MinimumVisualStudioVersion = 10.0.40219.1
Project("{FAE04EC0-301F-11D3-BF4B-00C04F79EFBC}") = "PulseRig", "PulseRig\PulseRig.csproj", "{A9CE7613-AB31-470E-A3E5-EA4F15098AAB}"
EndProject
Global
	GlobalSection(SolutionConfigurationPlatforms) = preSolution
		Debug|Any CPU = Debug|Any CPU
		Release|Any CPU = Release|Any CPU
	EndGlobalSection
	GlobalSection(ProjectConfigurationPlatforms) = postSolution
		{A9CE7613-AB31-470E-A3E5-EA4F15098AAB}.Debug|Any CPU.ActiveCfg = Debug|Any CPU
		{A9CE7613-AB31-470E-A3E5-EA4F15098AAB}.Debug|Any CPU.Build.0 = Debug|Any CPU
		{A9CE7613-AB31-470E-A3E5-EA4F15098AAB}.Release|Any CPU.ActiveCfg = Release|Any CPU
		{A9CE7613-AB31-470E-A3E5-EA4F15098AAB}.Release|Any CPU.Build.0 = Release|Any CPU
	EndGlobalSection
	GlobalSection(SolutionProperties) = preSolution
		HideSolutionNode = FALSE
	EndGlobalSection
	GlobalSection(ExtensibilityGlobals) = postSolution
		SolutionGuid = {7871AB0B-AD5B-496E-8203-F17644B24018}
	EndGlobalSection
EndGlobal
